
Microsoft Visual Studio Solution File, Format Version 12.00
# Visual Studio Version 17
VisualStudioVersion = 17.14.36212.18 d17.14
MinimumVisualStudioVersion = 10.0.40219.1
Project("{FAE04EC0-301F-11D3-BF4B-00C04F79EFBC}") = "FluentApiApp", "FluentApiApp.csproj", "{2882CE8D-42A1-4B06-894E-E104D6A9E78B}"
EndProject
Global
	GlobalSection(SolutionConfigurationPlatforms) = preSolution
		Debug|Any CPU = Debug|Any CPU
		Release|Any CPU = Release|Any CPU
	EndGlobalSection
	GlobalSection(ProjectConfigurationPlatforms) = postSolution
		{2882CE8D-42A1-4B06-894E-E104D6A9E78B}.Debug|Any CPU.ActiveCfg = Debug|Any CPU
		{2882CE8D-42A1-4B06-894E-E104D6A9E78B}.Debug|Any CPU.Build.0 = Debug|Any CPU
		{2882CE8D-42A1-4B06-894E-E104D6A9E78B}.Release|Any CPU.ActiveCfg = Release|Any CPU
		{2882CE8D-42A1-4B06-894E-E104D6A9E78B}.Release|Any CPU.Build.0 = Release|Any CPU
	EndGlobalSection
	GlobalSection(SolutionProperties) = preSolution
		HideSolutionNode = FALSE
	EndGlobalSection
	GlobalSection(ExtensibilityGlobals) = postSolution
		SolutionGuid = {5CE25D1D-8D2C-4F42-8BA3-DEF849B50E99}
	EndGlobalSection
EndGlobal
